
Microsoft Visual Studio Solution File, Format Version 12.00
# Visual Studio Version 17
VisualStudioVersion = 17.3.32922.545
MinimumVisualStudioVersion = 10.0.40219.1
Project("{FAE04EC0-301F-11D3-BF4B-00C04F79EFBC}") = "FunctionGraph", "FunctionGraph\FunctionGraph.csproj", "{EBBAA628-74CA-407D-A844-A570BA878EBD}"
EndProject
Global
	GlobalSection(SolutionConfigurationPlatforms) = preSolution
		Debug|Any CPU = Debug|Any CPU
		Release|Any CPU = Release|Any CPU
	EndGlobalSection
	GlobalSection(ProjectConfigurationPlatforms) = postSolution
		{EBBAA628-74CA-407D-A844-A570BA878EBD}.Debug|Any CPU.ActiveCfg = Debug|Any CPU
		{EBBAA628-74CA-407D-A844-A570BA878EBD}.Debug|Any CPU.Build.0 = Debug|Any CPU
		{EBBAA628-74CA-407D-A844-A570BA878EBD}.Release|Any CPU.ActiveCfg = Release|Any CPU
		{EBBAA628-74CA-407D-A844-A570BA878EBD}.Release|Any CPU.Build.0 = Release|Any CPU
	EndGlobalSection
	GlobalSection(SolutionProperties) = preSolution
		HideSolutionNode = FALSE
	EndGlobalSection
	GlobalSection(ExtensibilityGlobals) = postSolution
		SolutionGuid = {2DA2ED3B-9D5C-4801-BF76-82E2ABC1603D}
	EndGlobalSection
EndGlobal
